
Microsoft Visual Studio Solution File, Format Version 12.00
# Visual Studio Version 16
VisualStudioVersion = 16.0.31019.35
MinimumVisualStudioVersion = 10.0.40219.1
Project("{FAE04EC0-301F-11D3-BF4B-00C04F79EFBC}") = "hTimer", "hTimer\hTimer.csproj", "{0A79A5FA-D432-41ED-87EA-2C435F664433}"
EndProject
Global
	GlobalSection(SolutionConfigurationPlatforms) = preSolution
		Debug|Any CPU = Debug|Any CPU
		Release|Any CPU = Release|Any CPU
	EndGlobalSection
	GlobalSection(ProjectConfigurationPlatforms) = postSolution
		{0A79A5FA-D432-41ED-87EA-2C435F664433}.Debug|Any CPU.ActiveCfg = Debug|Any CPU
		{0A79A5FA-D432-41ED-87EA-2C435F664433}.Debug|Any CPU.Build.0 = Debug|Any CPU
		{0A79A5FA-D432-41ED-87EA-2C435F664433}.Release|Any CPU.ActiveCfg = Release|Any CPU
		{0A79A5FA-D432-41ED-87EA-2C435F664433}.Release|Any CPU.Build.0 = Release|Any CPU
	EndGlobalSection
	GlobalSection(SolutionProperties) = preSolution
		HideSolutionNode = FALSE
	EndGlobalSection
	GlobalSection(ExtensibilityGlobals) = postSolution
		SolutionGuid = {797043F8-650B-4D65-8652-F5254F5D8FDD}
	EndGlobalSection
EndGlobal
